{
  "originHash" : "e98593b90a53c1e1e7fa51294230f360dfd4e06b7a59e8245425bdf379b4b205",
  "pins" : [
    {
      "identity" : "launchservicesprivate",
      "kind" : "remoteSourceControl",
      "location" : "https://github.com/MxIris-Reverse-Engineering/LaunchServicesPrivate",
      "state" : {
        "revision" : "ee6dbcf2f13176c005337b37ba88431d40458a2b",
        "version" : "0.1.0"
      }
    }
  ],
  "version" : 3
}
